
Microsoft Visual Studio Solution File, Format Version 12.00
# Visual Studio 2012
Project("{8BC9CEB8-8B4A-11D0-8D11-00A0C91BC942}") = "boost", "boost.vcxproj", "{FAF14050-553A-4A99-A33A-65559D903521}"
EndProject
Global
	GlobalSection(SolutionConfigurationPlatforms) = preSolution
		Debug|Win32 = Debug|Win32
		Release|Win32 = Release|Win32
	EndGlobalSection
	GlobalSection(ProjectConfigurationPlatforms) = postSolution
		{FAF14050-553A-4A99-A33A-65559D903521}.Debug|Win32.ActiveCfg = Debug|Win32
		{FAF14050-553A-4A99-A33A-65559D903521}.Debug|Win32.Build.0 = Debug|Win32
		{FAF14050-553A-4A99-A33A-65559D903521}.Release|Win32.ActiveCfg = Release|Win32
		{FAF14050-553A-4A99-A33A-65559D903521}.Release|Win32.Build.0 = Release|Win32
	EndGlobalSection
	GlobalSection(SolutionProperties) = preSolution
		HideSolutionNode = FALSE
	EndGlobalSection
EndGlobal
